
Microsoft Visual Studio Solution File, Format Version 12.00
# Visual Studio Version 17
VisualStudioVersion = 17.0.31912.275
MinimumVisualStudioVersion = 10.0.40219.1
Project("{FAE04EC0-301F-11D3-BF4B-00C04F79EFBC}") = "Planetsv2", "Planetsv2\Planetsv2.csproj", "{B1ACC0FE-8B95-46E8-AE91-E7AAABB5D81B}"
EndProject
Global
	GlobalSection(SolutionConfigurationPlatforms) = preSolution
		Debug|Any CPU = Debug|Any CPU
		Release|Any CPU = Release|Any CPU
	EndGlobalSection
	GlobalSection(ProjectConfigurationPlatforms) = postSolution
		{B1ACC0FE-8B95-46E8-AE91-E7AAABB5D81B}.Debug|Any CPU.ActiveCfg = Debug|Any CPU
		{B1ACC0FE-8B95-46E8-AE91-E7AAABB5D81B}.Debug|Any CPU.Build.0 = Debug|Any CPU
		{B1ACC0FE-8B95-46E8-AE91-E7AAABB5D81B}.Release|Any CPU.ActiveCfg = Release|Any CPU
		{B1ACC0FE-8B95-46E8-AE91-E7AAABB5D81B}.Release|Any CPU.Build.0 = Release|Any CPU
	EndGlobalSection
	GlobalSection(SolutionProperties) = preSolution
		HideSolutionNode = FALSE
	EndGlobalSection
	GlobalSection(ExtensibilityGlobals) = postSolution
		SolutionGuid = {C52B6841-ECD4-488E-B902-8DC4141EF46E}
	EndGlobalSection
EndGlobal
